
Microsoft Visual Studio Solution File, Format Version 12.00
# Visual Studio Version 16
VisualStudioVersion = 16.0.31205.134
MinimumVisualStudioVersion = 10.0.40219.1
Project("{FAE04EC0-301F-11D3-BF4B-00C04F79EFBC}") = "WindowServiceBoilerplate", "WindowServiceBoilerplate\WindowServiceBoilerplate.csproj", "{A5163149-795E-4D2A-B6F2-5F050478C925}"
EndProject
Global
	GlobalSection(SolutionConfigurationPlatforms) = preSolution
		Debug|Any CPU = Debug|Any CPU
		Release|Any CPU = Release|Any CPU
	EndGlobalSection
	GlobalSection(ProjectConfigurationPlatforms) = postSolution
		{A5163149-795E-4D2A-B6F2-5F050478C925}.Debug|Any CPU.ActiveCfg = Debug|Any CPU
		{A5163149-795E-4D2A-B6F2-5F050478C925}.Debug|Any CPU.Build.0 = Debug|Any CPU
		{A5163149-795E-4D2A-B6F2-5F050478C925}.Release|Any CPU.ActiveCfg = Release|Any CPU
		{A5163149-795E-4D2A-B6F2-5F050478C925}.Release|Any CPU.Build.0 = Release|Any CPU
	EndGlobalSection
	GlobalSection(SolutionProperties) = preSolution
		HideSolutionNode = FALSE
	EndGlobalSection
	GlobalSection(ExtensibilityGlobals) = postSolution
		SolutionGuid = {F0F34B83-4491-4B52-BF9E-FB7B7A97D7C6}
	EndGlobalSection
EndGlobal
